
Microsoft Visual Studio Solution File, Format Version 12.00
Project("{FAE04EC0-301F-11D3-BF4B-00C04F79EFBC}") = "Gaev.MqttLogger", "Gaev.MqttLogger.csproj", "{B96DC2B5-6FDA-4DAC-A61B-0390D80910CD}"
EndProject
Global
	GlobalSection(SolutionConfigurationPlatforms) = preSolution
		Debug|Any CPU = Debug|Any CPU
		Release|Any CPU = Release|Any CPU
	EndGlobalSection
	GlobalSection(ProjectConfigurationPlatforms) = postSolution
		{B96DC2B5-6FDA-4DAC-A61B-0390D80910CD}.Debug|Any CPU.ActiveCfg = Debug|Any CPU
		{B96DC2B5-6FDA-4DAC-A61B-0390D80910CD}.Debug|Any CPU.Build.0 = Debug|Any CPU
		{B96DC2B5-6FDA-4DAC-A61B-0390D80910CD}.Release|Any CPU.ActiveCfg = Release|Any CPU
		{B96DC2B5-6FDA-4DAC-A61B-0390D80910CD}.Release|Any CPU.Build.0 = Release|Any CPU
	EndGlobalSection
EndGlobal
